{
  "lockfileVersion": 1,
  "dependencies": {
    "angular": {
      "version": "1.6.9",
      "resolved": "https://registry.npmjs.org/angular/-/angular-1.6.9.tgz",
      "integrity": "sha512-6igWH2GIsxV+J38wNWCh8oyjaZsrIPIDO35twloIUyjlF2Yit6UyLAWujHP05ma/LFxTsx4NtYibRoMNBXPR1A=="
    },
    "angular-ui-grid": {
      "version": "4.4.5",
      "resolved": "https://registry.npmjs.org/angular-ui-grid/-/angular-ui-grid-4.4.5.tgz",
      "integrity": "sha512-ZwnDi4+6oh1A089nKJao8Q9XQseDAsHFYYwT/felyUeCpW+5izq8pJqQszM0HLqNeQj08+IJVQFbWto+UlH07A=="
    }
  }
}
